
Microsoft Visual Studio Solution File, Format Version 12.00
# Visual Studio 14
VisualStudioVersion = 14.0.23107.0
MinimumVisualStudioVersion = 10.0.40219.1
Project("{FAE04EC0-301F-11D3-BF4B-00C04F79EFBC}") = "XBee.PC", "XBee.PC\XBee.PC.csproj", "{620FC049-E6BE-49ED-A9E9-C664A0850FE3}"
EndProject
Project("{FAE04EC0-301F-11D3-BF4B-00C04F79EFBC}") = "XBee.UnitTests", "XBee.UnitTests\XBee.UnitTests.csproj", "{9623552C-F672-4E93-A9B4-B59B6E7754AB}"
EndProject
Project("{2150E333-8FDC-42A3-9474-1A3956D46DE8}") = "Gadgeteer", "Gadgeteer", "{E20A04E1-9732-4CE4-8A8D-BC4F491472AF}"
EndProject
Project("{2150E333-8FDC-42A3-9474-1A3956D46DE8}") = "NETMF", "NETMF", "{D83F3916-BAAA-47F3-A7C6-F0084CF79946}"
EndProject
Project("{2150E333-8FDC-42A3-9474-1A3956D46DE8}") = "PC", "PC", "{89AE6E09-2C98-479E-AB3C-70EDDAAD869F}"
EndProject
Project("{2150E333-8FDC-42A3-9474-1A3956D46DE8}") = "4.1", "4.1", "{DF5CBE57-3CC7-4602-A9A5-280C7AA67620}"
EndProject
Project("{FAE04EC0-301F-11D3-BF4B-00C04F79EFBC}") = "XBee.Gadgeteer", "XBee.Gadgeteer_41\XBee.Gadgeteer.csproj", "{D230E469-5F82-4D87-9B42-C4456E509F0C}"
EndProject
Project("{2150E333-8FDC-42A3-9474-1A3956D46DE8}") = "4.2", "4.2", "{2AA80CCF-756B-436B-B66C-87D6C764E0AE}"
EndProject
Project("{FAE04EC0-301F-11D3-BF4B-00C04F79EFBC}") = "XBee.Gadgeteer", "XBee.Gadgeteer_42\XBee.Gadgeteer.csproj", "{89F50A6B-997E-4E5F-871C-8CAFD4F7E2A7}"
EndProject
Project("{2150E333-8FDC-42A3-9474-1A3956D46DE8}") = "4.1", "4.1", "{C60E5EFA-DB92-4AC9-A9FE-0B970B2E3A7A}"
EndProject
Project("{2150E333-8FDC-42A3-9474-1A3956D46DE8}") = "4.2", "4.2", "{9D0D1433-7C5C-4125-A8CB-787940B8F3CB}"
EndProject
Project("{FAE04EC0-301F-11D3-BF4B-00C04F79EFBC}") = "XBee", "XBee_42\XBee.csproj", "{7F280F44-4AE1-4917-83BC-36825E729EC2}"
EndProject
Project("{FAE04EC0-301F-11D3-BF4B-00C04F79EFBC}") = "XBee", "XBee_41\XBee.csproj", "{F7972138-A6BC-4817-9938-7ABFFB5ED6C8}"
EndProject
Project("{D954291E-2A0B-460D-934E-DC6B0785DB48}") = "XBee.Shared", "XBee.Shared\XBee.Shared.shproj", "{56A05D2D-E50F-49E9-A46D-CFDF79C58945}"
EndProject
Project("{2150E333-8FDC-42A3-9474-1A3956D46DE8}") = "4.3", "4.3", "{B4291C9A-0D5E-4F77-A1C9-1465DAB15958}"
EndProject
Project("{FAE04EC0-301F-11D3-BF4B-00C04F79EFBC}") = "XBee", "XBee_43\XBee.csproj", "{1FC0E848-0E99-462F-9C17-2B937087287C}"
EndProject
Project("{2150E333-8FDC-42A3-9474-1A3956D46DE8}") = "4.3", "4.3", "{D66B8ED9-598B-47C8-B6F2-66D62E7B16C6}"
EndProject
Project("{FAE04EC0-301F-11D3-BF4B-00C04F79EFBC}") = "XBee.Gadgeteer", "XBee.Gadgeteer_43\XBee.Gadgeteer.csproj", "{971E5162-A601-4218-BF84-E149893D6A62}"
EndProject
Project("{2150E333-8FDC-42A3-9474-1A3956D46DE8}") = "Inst", "Inst", "{9E6B45E5-0549-49EA-B52A-7FDE656A4866}"
EndProject
Project("{930C7802-8A8C-48F9-8165-68863BCCD9DD}") = "XBeeGadgeteerMSI", "Installer\XBeeGadgeteerMSI\XBeeGadgeteerMSI.wixproj", "{728D57CC-FF29-4CCC-9C13-1EDEF4E56373}"
EndProject
Project("{930C7802-8A8C-48F9-8165-68863BCCD9DD}") = "XBeeGadgeteerMSM", "Installer\XBeeGadgeteerMSM\XBeeGadgeteerMSM.wixproj", "{185E5B76-A3AB-4CA6-A38D-9F6D738E0C5C}"
EndProject
Project("{2150E333-8FDC-42A3-9474-1A3956D46DE8}") = "Universal", "Universal", "{BF5D4394-DBDE-447F-8229-B5BAA9737613}"
EndProject
Project("{FAE04EC0-301F-11D3-BF4B-00C04F79EFBC}") = "XBee.Universal", "XBee.Universal\XBee.Universal.csproj", "{91BF548F-11ED-42E4-A0A2-63BC19543E94}"
EndProject
Global
	GlobalSection(SharedMSBuildProjectFiles) = preSolution
		XBee.Shared\XBee.Shared.projitems*{91bf548f-11ed-42e4-a0a2-63bc19543e94}*SharedItemsImports = 4
		XBee.Shared\XBee.Shared.projitems*{7f280f44-4ae1-4917-83bc-36825e729ec2}*SharedItemsImports = 4
		XBee.Shared\XBee.Shared.projitems*{f7972138-a6bc-4817-9938-7abffb5ed6c8}*SharedItemsImports = 4
		XBee.Shared\XBee.Shared.projitems*{1fc0e848-0e99-462f-9c17-2b937087287c}*SharedItemsImports = 4
		XBee.Shared\XBee.Shared.projitems*{620fc049-e6be-49ed-a9e9-c664a0850fe3}*SharedItemsImports = 4
		XBee.Shared\XBee.Shared.projitems*{56a05d2d-e50f-49e9-a46d-cfdf79c58945}*SharedItemsImports = 13
	EndGlobalSection
	GlobalSection(SolutionConfigurationPlatforms) = preSolution
		Debug|Any CPU = Debug|Any CPU
		Debug|ARM = Debug|ARM
		Debug|x64 = Debug|x64
		Debug|x86 = Debug|x86
		Release|Any CPU = Release|Any CPU
		Release|ARM = Release|ARM
		Release|x64 = Release|x64
		Release|x86 = Release|x86
	EndGlobalSection
	GlobalSection(ProjectConfigurationPlatforms) = postSolution
		{620FC049-E6BE-49ED-A9E9-C664A0850FE3}.Debug|Any CPU.ActiveCfg = Debug|Any CPU
		{620FC049-E6BE-49ED-A9E9-C664A0850FE3}.Debug|Any CPU.Build.0 = Debug|Any CPU
		{620FC049-E6BE-49ED-A9E9-C664A0850FE3}.Debug|ARM.ActiveCfg = Debug|Any CPU
		{620FC049-E6BE-49ED-A9E9-C664A0850FE3}.Debug|x64.ActiveCfg = Debug|Any CPU
		{620FC049-E6BE-49ED-A9E9-C664A0850FE3}.Debug|x64.Build.0 = Debug|Any CPU
		{620FC049-E6BE-49ED-A9E9-C664A0850FE3}.Debug|x86.ActiveCfg = Debug|Any CPU
		{620FC049-E6BE-49ED-A9E9-C664A0850FE3}.Debug|x86.Build.0 = Debug|Any CPU
		{620FC049-E6BE-49ED-A9E9-C664A0850FE3}.Release|Any CPU.ActiveCfg = Release|Any CPU
		{620FC049-E6BE-49ED-A9E9-C664A0850FE3}.Release|Any CPU.Build.0 = Release|Any CPU
		{620FC049-E6BE-49ED-A9E9-C664A0850FE3}.Release|ARM.ActiveCfg = Release|Any CPU
		{620FC049-E6BE-49ED-A9E9-C664A0850FE3}.Release|x64.ActiveCfg = Release|Any CPU
		{620FC049-E6BE-49ED-A9E9-C664A0850FE3}.Release|x64.Build.0 = Release|Any CPU
		{620FC049-E6BE-49ED-A9E9-C664A0850FE3}.Release|x86.ActiveCfg = Release|Any CPU
		{620FC049-E6BE-49ED-A9E9-C664A0850FE3}.Release|x86.Build.0 = Release|Any CPU
		{9623552C-F672-4E93-A9B4-B59B6E7754AB}.Debug|Any CPU.ActiveCfg = Debug|Any CPU
		{9623552C-F672-4E93-A9B4-B59B6E7754AB}.Debug|Any CPU.Build.0 = Debug|Any CPU
		{9623552C-F672-4E93-A9B4-B59B6E7754AB}.Debug|ARM.ActiveCfg = Debug|Any CPU
		{9623552C-F672-4E93-A9B4-B59B6E7754AB}.Debug|x64.ActiveCfg = Debug|Any CPU
		{9623552C-F672-4E93-A9B4-B59B6E7754AB}.Debug|x64.Build.0 = Debug|Any CPU
		{9623552C-F672-4E93-A9B4-B59B6E7754AB}.Debug|x86.ActiveCfg = Debug|Any CPU
		{9623552C-F672-4E93-A9B4-B59B6E7754AB}.Debug|x86.Build.0 = Debug|Any CPU
		{9623552C-F672-4E93-A9B4-B59B6E7754AB}.Release|Any CPU.ActiveCfg = Release|Any CPU
		{9623552C-F672-4E93-A9B4-B59B6E7754AB}.Release|Any CPU.Build.0 = Release|Any CPU
		{9623552C-F672-4E93-A9B4-B59B6E7754AB}.Release|ARM.ActiveCfg = Release|Any CPU
		{9623552C-F672-4E93-A9B4-B59B6E7754AB}.Release|x64.ActiveCfg = Release|Any CPU
		{9623552C-F672-4E93-A9B4-B59B6E7754AB}.Release|x64.Build.0 = Release|Any CPU
		{9623552C-F672-4E93-A9B4-B59B6E7754AB}.Release|x86.ActiveCfg = Release|Any CPU
		{9623552C-F672-4E93-A9B4-B59B6E7754AB}.Release|x86.Build.0 = Release|Any CPU
		{D230E469-5F82-4D87-9B42-C4456E509F0C}.Debug|Any CPU.ActiveCfg = Debug|Any CPU
		{D230E469-5F82-4D87-9B42-C4456E509F0C}.Debug|Any CPU.Build.0 = Debug|Any CPU
		{D230E469-5F82-4D87-9B42-C4456E509F0C}.Debug|ARM.ActiveCfg = Debug|Any CPU
		{D230E469-5F82-4D87-9B42-C4456E509F0C}.Debug|x64.ActiveCfg = Debug|Any CPU
		{D230E469-5F82-4D87-9B42-C4456E509F0C}.Debug|x64.Build.0 = Debug|Any CPU
		{D230E469-5F82-4D87-9B42-C4456E509F0C}.Debug|x86.ActiveCfg = Debug|Any CPU
		{D230E469-5F82-4D87-9B42-C4456E509F0C}.Debug|x86.Build.0 = Debug|Any CPU
		{D230E469-5F82-4D87-9B42-C4456E509F0C}.Release|Any CPU.ActiveCfg = Release|Any CPU
		{D230E469-5F82-4D87-9B42-C4456E509F0C}.Release|Any CPU.Build.0 = Release|Any CPU
		{D230E469-5F82-4D87-9B42-C4456E509F0C}.Release|ARM.ActiveCfg = Release|Any CPU
		{D230E469-5F82-4D87-9B42-C4456E509F0C}.Release|x64.ActiveCfg = Release|Any CPU
		{D230E469-5F82-4D87-9B42-C4456E509F0C}.Release|x64.Build.0 = Release|Any CPU
		{D230E469-5F82-4D87-9B42-C4456E509F0C}.Release|x86.ActiveCfg = Release|Any CPU
		{D230E469-5F82-4D87-9B42-C4456E509F0C}.Release|x86.Build.0 = Release|Any CPU
		{89F50A6B-997E-4E5F-871C-8CAFD4F7E2A7}.Debug|Any CPU.ActiveCfg = Debug|Any CPU
		{89F50A6B-997E-4E5F-871C-8CAFD4F7E2A7}.Debug|Any CPU.Build.0 = Debug|Any CPU
		{89F50A6B-997E-4E5F-871C-8CAFD4F7E2A7}.Debug|ARM.ActiveCfg = Debug|Any CPU
		{89F50A6B-997E-4E5F-871C-8CAFD4F7E2A7}.Debug|x64.ActiveCfg = Debug|Any CPU
		{89F50A6B-997E-4E5F-871C-8CAFD4F7E2A7}.Debug|x64.Build.0 = Debug|Any CPU
		{89F50A6B-997E-4E5F-871C-8CAFD4F7E2A7}.Debug|x86.ActiveCfg = Debug|Any CPU
		{89F50A6B-997E-4E5F-871C-8CAFD4F7E2A7}.Debug|x86.Build.0 = Debug|Any CPU
		{89F50A6B-997E-4E5F-871C-8CAFD4F7E2A7}.Release|Any CPU.ActiveCfg = Release|Any CPU
		{89F50A6B-997E-4E5F-871C-8CAFD4F7E2A7}.Release|Any CPU.Build.0 = Release|Any CPU
		{89F50A6B-997E-4E5F-871C-8CAFD4F7E2A7}.Release|ARM.ActiveCfg = Release|Any CPU
		{89F50A6B-997E-4E5F-871C-8CAFD4F7E2A7}.Release|x64.ActiveCfg = Release|Any CPU
		{89F50A6B-997E-4E5F-871C-8CAFD4F7E2A7}.Release|x64.Build.0 = Release|Any CPU
		{89F50A6B-997E-4E5F-871C-8CAFD4F7E2A7}.Release|x86.ActiveCfg = Release|Any CPU
		{89F50A6B-997E-4E5F-871C-8CAFD4F7E2A7}.Release|x86.Build.0 = Release|Any CPU
		{7F280F44-4AE1-4917-83BC-36825E729EC2}.Debug|Any CPU.ActiveCfg = Debug|Any CPU
		{7F280F44-4AE1-4917-83BC-36825E729EC2}.Debug|Any CPU.Build.0 = Debug|Any CPU
		{7F280F44-4AE1-4917-83BC-36825E729EC2}.Debug|ARM.ActiveCfg = Debug|Any CPU
		{7F280F44-4AE1-4917-83BC-36825E729EC2}.Debug|x64.ActiveCfg = Debug|Any CPU
		{7F280F44-4AE1-4917-83BC-36825E729EC2}.Debug|x64.Build.0 = Debug|Any CPU
		{7F280F44-4AE1-4917-83BC-36825E729EC2}.Debug|x86.ActiveCfg = Debug|Any CPU
		{7F280F44-4AE1-4917-83BC-36825E729EC2}.Debug|x86.Build.0 = Debug|Any CPU
		{7F280F44-4AE1-4917-83BC-36825E729EC2}.Release|Any CPU.ActiveCfg = Release|Any CPU
		{7F280F44-4AE1-4917-83BC-36825E729EC2}.Release|Any CPU.Build.0 = Release|Any CPU
		{7F280F44-4AE1-4917-83BC-36825E729EC2}.Release|ARM.ActiveCfg = Release|Any CPU
		{7F280F44-4AE1-4917-83BC-36825E729EC2}.Release|x64.ActiveCfg = Release|Any CPU
		{7F280F44-4AE1-4917-83BC-36825E729EC2}.Release|x64.Build.0 = Release|Any CPU
		{7F280F44-4AE1-4917-83BC-36825E729EC2}.Release|x86.ActiveCfg = Release|Any CPU
		{7F280F44-4AE1-4917-83BC-36825E729EC2}.Release|x86.Build.0 = Release|Any CPU
		{F7972138-A6BC-4817-9938-7ABFFB5ED6C8}.Debug|Any CPU.ActiveCfg = Debug|Any CPU
		{F7972138-A6BC-4817-9938-7ABFFB5ED6C8}.Debug|Any CPU.Build.0 = Debug|Any CPU
		{F7972138-A6BC-4817-9938-7ABFFB5ED6C8}.Debug|ARM.ActiveCfg = Debug|Any CPU
		{F7972138-A6BC-4817-9938-7ABFFB5ED6C8}.Debug|x64.ActiveCfg = Debug|Any CPU
		{F7972138-A6BC-4817-9938-7ABFFB5ED6C8}.Debug|x64.Build.0 = Debug|Any CPU
		{F7972138-A6BC-4817-9938-7ABFFB5ED6C8}.Debug|x86.ActiveCfg = Debug|Any CPU
		{F7972138-A6BC-4817-9938-7ABFFB5ED6C8}.Debug|x86.Build.0 = Debug|Any CPU
		{F7972138-A6BC-4817-9938-7ABFFB5ED6C8}.Release|Any CPU.ActiveCfg = Release|Any CPU
		{F7972138-A6BC-4817-9938-7ABFFB5ED6C8}.Release|Any CPU.Build.0 = Release|Any CPU
		{F7972138-A6BC-4817-9938-7ABFFB5ED6C8}.Release|ARM.ActiveCfg = Release|Any CPU
		{F7972138-A6BC-4817-9938-7ABFFB5ED6C8}.Release|x64.ActiveCfg = Release|Any CPU
		{F7972138-A6BC-4817-9938-7ABFFB5ED6C8}.Release|x64.Build.0 = Release|Any CPU
		{F7972138-A6BC-4817-9938-7ABFFB5ED6C8}.Release|x86.ActiveCfg = Release|Any CPU
		{F7972138-A6BC-4817-9938-7ABFFB5ED6C8}.Release|x86.Build.0 = Release|Any CPU
		{1FC0E848-0E99-462F-9C17-2B937087287C}.Debug|Any CPU.ActiveCfg = Debug|Any CPU
		{1FC0E848-0E99-462F-9C17-2B937087287C}.Debug|Any CPU.Build.0 = Debug|Any CPU
		{1FC0E848-0E99-462F-9C17-2B937087287C}.Debug|ARM.ActiveCfg = Debug|Any CPU
		{1FC0E848-0E99-462F-9C17-2B937087287C}.Debug|x64.ActiveCfg = Debug|Any CPU
		{1FC0E848-0E99-462F-9C17-2B937087287C}.Debug|x64.Build.0 = Debug|Any CPU
		{1FC0E848-0E99-462F-9C17-2B937087287C}.Debug|x86.ActiveCfg = Debug|Any CPU
		{1FC0E848-0E99-462F-9C17-2B937087287C}.Debug|x86.Build.0 = Debug|Any CPU
		{1FC0E848-0E99-462F-9C17-2B937087287C}.Release|Any CPU.ActiveCfg = Release|Any CPU
		{1FC0E848-0E99-462F-9C17-2B937087287C}.Release|Any CPU.Build.0 = Release|Any CPU
		{1FC0E848-0E99-462F-9C17-2B937087287C}.Release|ARM.ActiveCfg = Release|Any CPU
		{1FC0E848-0E99-462F-9C17-2B937087287C}.Release|x64.ActiveCfg = Release|Any CPU
		{1FC0E848-0E99-462F-9C17-2B937087287C}.Release|x64.Build.0 = Release|Any CPU
		{1FC0E848-0E99-462F-9C17-2B937087287C}.Release|x86.ActiveCfg = Release|Any CPU
		{1FC0E848-0E99-462F-9C17-2B937087287C}.Release|x86.Build.0 = Release|Any CPU
		{971E5162-A601-4218-BF84-E149893D6A62}.Debug|Any CPU.ActiveCfg = Debug|Any CPU
		{971E5162-A601-4218-BF84-E149893D6A62}.Debug|Any CPU.Build.0 = Debug|Any CPU
		{971E5162-A601-4218-BF84-E149893D6A62}.Debug|ARM.ActiveCfg = Debug|Any CPU
		{971E5162-A601-4218-BF84-E149893D6A62}.Debug|x64.ActiveCfg = Debug|Any CPU
		{971E5162-A601-4218-BF84-E149893D6A62}.Debug|x64.Build.0 = Debug|Any CPU
		{971E5162-A601-4218-BF84-E149893D6A62}.Debug|x86.ActiveCfg = Debug|Any CPU
		{971E5162-A601-4218-BF84-E149893D6A62}.Debug|x86.Build.0 = Debug|Any CPU
		{971E5162-A601-4218-BF84-E149893D6A62}.Release|Any CPU.ActiveCfg = Release|Any CPU
		{971E5162-A601-4218-BF84-E149893D6A62}.Release|Any CPU.Build.0 = Release|Any CPU
		{971E5162-A601-4218-BF84-E149893D6A62}.Release|ARM.ActiveCfg = Release|Any CPU
		{971E5162-A601-4218-BF84-E149893D6A62}.Release|x64.ActiveCfg = Release|Any CPU
		{971E5162-A601-4218-BF84-E149893D6A62}.Release|x64.Build.0 = Release|Any CPU
		{971E5162-A601-4218-BF84-E149893D6A62}.Release|x86.ActiveCfg = Release|Any CPU
		{971E5162-A601-4218-BF84-E149893D6A62}.Release|x86.Build.0 = Release|Any CPU
		{728D57CC-FF29-4CCC-9C13-1EDEF4E56373}.Debug|Any CPU.ActiveCfg = Debug|x86
		{728D57CC-FF29-4CCC-9C13-1EDEF4E56373}.Debug|ARM.ActiveCfg = Debug|x86
		{728D57CC-FF29-4CCC-9C13-1EDEF4E56373}.Debug|x64.ActiveCfg = Debug|x86
		{728D57CC-FF29-4CCC-9C13-1EDEF4E56373}.Debug|x86.ActiveCfg = Debug|x86
		{728D57CC-FF29-4CCC-9C13-1EDEF4E56373}.Debug|x86.Build.0 = Debug|x86
		{728D57CC-FF29-4CCC-9C13-1EDEF4E56373}.Release|Any CPU.ActiveCfg = Release|x86
		{728D57CC-FF29-4CCC-9C13-1EDEF4E56373}.Release|ARM.ActiveCfg = Release|x86
		{728D57CC-FF29-4CCC-9C13-1EDEF4E56373}.Release|x64.ActiveCfg = Release|x86
		{728D57CC-FF29-4CCC-9C13-1EDEF4E56373}.Release|x86.ActiveCfg = Release|x86
		{728D57CC-FF29-4CCC-9C13-1EDEF4E56373}.Release|x86.Build.0 = Release|x86
		{185E5B76-A3AB-4CA6-A38D-9F6D738E0C5C}.Debug|Any CPU.ActiveCfg = Debug|x86
		{185E5B76-A3AB-4CA6-A38D-9F6D738E0C5C}.Debug|ARM.ActiveCfg = Debug|x86
		{185E5B76-A3AB-4CA6-A38D-9F6D738E0C5C}.Debug|x64.ActiveCfg = Debug|x86
		{185E5B76-A3AB-4CA6-A38D-9F6D738E0C5C}.Debug|x86.ActiveCfg = Debug|x86
		{185E5B76-A3AB-4CA6-A38D-9F6D738E0C5C}.Debug|x86.Build.0 = Debug|x86
		{185E5B76-A3AB-4CA6-A38D-9F6D738E0C5C}.Release|Any CPU.ActiveCfg = Release|x86
		{185E5B76-A3AB-4CA6-A38D-9F6D738E0C5C}.Release|ARM.ActiveCfg = Release|x86
		{185E5B76-A3AB-4CA6-A38D-9F6D738E0C5C}.Release|x64.ActiveCfg = Release|x86
		{185E5B76-A3AB-4CA6-A38D-9F6D738E0C5C}.Release|x86.ActiveCfg = Release|x86
		{185E5B76-A3AB-4CA6-A38D-9F6D738E0C5C}.Release|x86.Build.0 = Release|x86
		{91BF548F-11ED-42E4-A0A2-63BC19543E94}.Debug|Any CPU.ActiveCfg = Debug|Any CPU
		{91BF548F-11ED-42E4-A0A2-63BC19543E94}.Debug|Any CPU.Build.0 = Debug|Any CPU
		{91BF548F-11ED-42E4-A0A2-63BC19543E94}.Debug|ARM.ActiveCfg = Debug|ARM
		{91BF548F-11ED-42E4-A0A2-63BC19543E94}.Debug|ARM.Build.0 = Debug|ARM
		{91BF548F-11ED-42E4-A0A2-63BC19543E94}.Debug|x64.ActiveCfg = Debug|x64
		{91BF548F-11ED-42E4-A0A2-63BC19543E94}.Debug|x64.Build.0 = Debug|x64
		{91BF548F-11ED-42E4-A0A2-63BC19543E94}.Debug|x86.ActiveCfg = Debug|x86
		{91BF548F-11ED-42E4-A0A2-63BC19543E94}.Debug|x86.Build.0 = Debug|x86
		{91BF548F-11ED-42E4-A0A2-63BC19543E94}.Release|Any CPU.ActiveCfg = Release|Any CPU
		{91BF548F-11ED-42E4-A0A2-63BC19543E94}.Release|Any CPU.Build.0 = Release|Any CPU
		{91BF548F-11ED-42E4-A0A2-63BC19543E94}.Release|ARM.ActiveCfg = Release|ARM
		{91BF548F-11ED-42E4-A0A2-63BC19543E94}.Release|ARM.Build.0 = Release|ARM
		{91BF548F-11ED-42E4-A0A2-63BC19543E94}.Release|x64.ActiveCfg = Release|x64
		{91BF548F-11ED-42E4-A0A2-63BC19543E94}.Release|x64.Build.0 = Release|x64
		{91BF548F-11ED-42E4-A0A2-63BC19543E94}.Release|x86.ActiveCfg = Release|x86
		{91BF548F-11ED-42E4-A0A2-63BC19543E94}.Release|x86.Build.0 = Release|x86
	EndGlobalSection
	GlobalSection(SolutionProperties) = preSolution
		HideSolutionNode = FALSE
	EndGlobalSection
	GlobalSection(NestedProjects) = preSolution
		{620FC049-E6BE-49ED-A9E9-C664A0850FE3} = {89AE6E09-2C98-479E-AB3C-70EDDAAD869F}
		{9623552C-F672-4E93-A9B4-B59B6E7754AB} = {89AE6E09-2C98-479E-AB3C-70EDDAAD869F}
		{DF5CBE57-3CC7-4602-A9A5-280C7AA67620} = {E20A04E1-9732-4CE4-8A8D-BC4F491472AF}
		{D230E469-5F82-4D87-9B42-C4456E509F0C} = {DF5CBE57-3CC7-4602-A9A5-280C7AA67620}
		{2AA80CCF-756B-436B-B66C-87D6C764E0AE} = {E20A04E1-9732-4CE4-8A8D-BC4F491472AF}
		{89F50A6B-997E-4E5F-871C-8CAFD4F7E2A7} = {2AA80CCF-756B-436B-B66C-87D6C764E0AE}
		{C60E5EFA-DB92-4AC9-A9FE-0B970B2E3A7A} = {D83F3916-BAAA-47F3-A7C6-F0084CF79946}
		{9D0D1433-7C5C-4125-A8CB-787940B8F3CB} = {D83F3916-BAAA-47F3-A7C6-F0084CF79946}
		{7F280F44-4AE1-4917-83BC-36825E729EC2} = {9D0D1433-7C5C-4125-A8CB-787940B8F3CB}
		{F7972138-A6BC-4817-9938-7ABFFB5ED6C8} = {C60E5EFA-DB92-4AC9-A9FE-0B970B2E3A7A}
		{56A05D2D-E50F-49E9-A46D-CFDF79C58945} = {D83F3916-BAAA-47F3-A7C6-F0084CF79946}
		{B4291C9A-0D5E-4F77-A1C9-1465DAB15958} = {D83F3916-BAAA-47F3-A7C6-F0084CF79946}
		{1FC0E848-0E99-462F-9C17-2B937087287C} = {B4291C9A-0D5E-4F77-A1C9-1465DAB15958}
		{D66B8ED9-598B-47C8-B6F2-66D62E7B16C6} = {E20A04E1-9732-4CE4-8A8D-BC4F491472AF}
		{971E5162-A601-4218-BF84-E149893D6A62} = {D66B8ED9-598B-47C8-B6F2-66D62E7B16C6}
		{9E6B45E5-0549-49EA-B52A-7FDE656A4866} = {E20A04E1-9732-4CE4-8A8D-BC4F491472AF}
		{728D57CC-FF29-4CCC-9C13-1EDEF4E56373} = {9E6B45E5-0549-49EA-B52A-7FDE656A4866}
		{185E5B76-A3AB-4CA6-A38D-9F6D738E0C5C} = {9E6B45E5-0549-49EA-B52A-7FDE656A4866}
		{91BF548F-11ED-42E4-A0A2-63BC19543E94} = {BF5D4394-DBDE-447F-8229-B5BAA9737613}
	EndGlobalSection
EndGlobal
